
Microsoft Visual Studio Solution File, Format Version 12.00
# Visual Studio 2012
Project("{FAE04EC0-301F-11D3-BF4B-00C04F79EFBC}") = "TestGitHubApp", "TestGitHubApp\TestGitHubApp.csproj", "{2967FE5A-B348-462A-8A73-1C0D36AA02F6}"
EndProject
Global
	GlobalSection(SolutionConfigurationPlatforms) = preSolution
		Debug|Any CPU = Debug|Any CPU
		Release|Any CPU = Release|Any CPU
	EndGlobalSection
	GlobalSection(ProjectConfigurationPlatforms) = postSolution
		{2967FE5A-B348-462A-8A73-1C0D36AA02F6}.Debug|Any CPU.ActiveCfg = Debug|Any CPU
		{2967FE5A-B348-462A-8A73-1C0D36AA02F6}.Debug|Any CPU.Build.0 = Debug|Any CPU
		{2967FE5A-B348-462A-8A73-1C0D36AA02F6}.Release|Any CPU.ActiveCfg = Release|Any CPU
		{2967FE5A-B348-462A-8A73-1C0D36AA02F6}.Release|Any CPU.Build.0 = Release|Any CPU
	EndGlobalSection
	GlobalSection(SolutionProperties) = preSolution
		HideSolutionNode = FALSE
	EndGlobalSection
EndGlobal
